// !$*UTF8*$!
{
	archiveVersion = 1;
	classes = {
	};
	objectVersion = 50;
	objects = {

/* Begin PBXBuildFile section */
		AF24105E209AE0250068242F /* AnchovyManager.m in Sources */ = {isa = PBXBuildFile; fileRef = AF24105D209AE0250068242F /* AnchovyManager.m */; };
		AF241061209AE0CA0068242F /* CheeryManager.m in Sources */ = {isa = PBXBuildFile; fileRef = AF241060209AE0CA0068242F /* CheeryManager.m */; };
		AFEE894220992DD900B038E6 /* main.m in Sources */ = {isa = PBXBuildFile; fileRef = AFEE894120992DD900B038E6 /* main.m */; };
		AFEE894D20992FF300B038E6 /* Pizza.m in Sources */ = {isa = PBXBuildFile; fileRef = AFEE894B20992FF300B038E6 /* Pizza.m */; };
		AFEE894E20992FF300B038E6 /* Kitchen.m in Sources */ = {isa = PBXBuildFile; fileRef = AFEE894C20992FF300B038E6 /* Kitchen.m */; };
		AFEE89532099302700B038E6 /* InputHandler.m in Sources */ = {isa = PBXBuildFile; fileRef = AFEE89522099302700B038E6 /* InputHandler.m */; };
/* End PBXBuildFile section */

/* Begin PBXCopyFilesBuildPhase section */
		AFEE893C20992DD900B038E6 /* CopyFiles */ = {
			isa = PBXCopyFilesBuildPhase;
			buildActionMask = 2147483647;
			dstPath = /usr/share/man/man1/;
			dstSubfolderSpec = 0;
			files = (
			);
			runOnlyForDeploymentPostprocessing = 1;
		};
/* End PBXCopyFilesBuildPhase section */

/* Begin PBXFileReference section */
		AF24105B209ACD900068242F /* KitchenDelegate.h */ = {isa = PBXFileReference; lastKnownFileType = sourcecode.c.h; path = KitchenDelegate.h; sourceTree = "<group>"; };
		AF24105C209AE0250068242F /* AnchovyManager.h */ = {isa = PBXFileReference; lastKnownFileType = sourcecode.c.h; path = AnchovyManager.h; sourceTree = "<group>"; };
		AF24105D209AE0250068242F /* AnchovyManager.m */ = {isa = PBXFileReference; lastKnownFileType = sourcecode.c.objc; path = AnchovyManager.m; sourceTree = "<group>"; };
		AF24105F209AE0CA0068242F /* CheeryManager.h */ = {isa = PBXFileReference; lastKnownFileType = sourcecode.c.h; path = CheeryManager.h; sourceTree = "<group>"; };
		AF241060209AE0CA0068242F /* CheeryManager.m */ = {isa = PBXFileReference; lastKnownFileType = sourcecode.c.objc; path = CheeryManager.m; sourceTree = "<group>"; };
		AFEE893E20992DD900B038E6 /* Assignment11 */ = {isa = PBXFileReference; explicitFileType = "compiled.mach-o.executable"; includeInIndex = 0; path = Assignment11; sourceTree = BUILT_PRODUCTS_DIR; };
		AFEE894120992DD900B038E6 /* main.m */ = {isa = PBXFileReference; lastKnownFileType = sourcecode.c.objc; path = main.m; sourceTree = "<group>"; };
		AFEE894920992FF300B038E6 /* Kitchen.h */ = {isa = PBXFileReference; fileEncoding = 4; lastKnownFileType = sourcecode.c.h; path = Kitchen.h; sourceTree = "<group>"; };
		AFEE894A20992FF300B038E6 /* Pizza.h */ = {isa = PBXFileReference; fileEncoding = 4; lastKnownFileType = sourcecode.c.h; path = Pizza.h; sourceTree = "<group>"; };
		AFEE894B20992FF300B038E6 /* Pizza.m */ = {isa = PBXFileReference; fileEncoding = 4; lastKnownFileType = sourcecode.c.objc; path = Pizza.m; sourceTree = "<group>"; };
		AFEE894C20992FF300B038E6 /* Kitchen.m */ = {isa = PBXFileReference; fileEncoding = 4; lastKnownFileType = sourcecode.c.objc; path = Kitchen.m; sourceTree = "<group>"; };
		AFEE89512099302700B038E6 /* InputHandler.h */ = {isa = PBXFileReference; fileEncoding = 4; lastKnownFileType = sourcecode.c.h; path = InputHandler.h; sourceTree = "<group>"; };
		AFEE89522099302700B038E6 /* InputHandler.m */ = {isa = PBXFileReference; fileEncoding = 4; lastKnownFileType = sourcecode.c.objc; path = InputHandler.m; sourceTree = "<group>"; };
/* End PBXFileReference section */

/* Begin PBXFrameworksBuildPhase section */
		AFEE893B20992DD900B038E6 /* Frameworks */ = {
			isa = PBXFrameworksBuildPhase;
			buildActionMask = 2147483647;
			files = (
			);
			runOnlyForDeploymentPostprocessing = 0;
		};
/* End PBXFrameworksBuildPhase section */

/* Begin PBXGroup section */
		AFEE893520992DD900B038E6 = {
			isa = PBXGroup;
			children = (
				AFEE894020992DD900B038E6 /* Assignment11 */,
				AFEE893F20992DD900B038E6 /* Products */,
			);
			sourceTree = "<group>";
		};
		AFEE893F20992DD900B038E6 /* Products */ = {
			isa = PBXGroup;
			children = (
				AFEE893E20992DD900B038E6 /* Assignment11 */,
			);
			name = Products;
			sourceTree = "<group>";
		};
		AFEE894020992DD900B038E6 /* Assignment11 */ = {
			isa = PBXGroup;
			children = (
				AFEE89502099301700B038E6 /* Util */,
				AFEE894820992FE100B038E6 /* Module */,
				AFEE894120992DD900B038E6 /* main.m */,
				AF24105B209ACD900068242F /* KitchenDelegate.h */,
			);
			path = Assignment11;
			sourceTree = "<group>";
		};
		AFEE894820992FE100B038E6 /* Module */ = {
			isa = PBXGroup;
			children = (
				AFEE894920992FF300B038E6 /* Kitchen.h */,
				AFEE894C20992FF300B038E6 /* Kitchen.m */,
				AFEE894A20992FF300B038E6 /* Pizza.h */,
				AFEE894B20992FF300B038E6 /* Pizza.m */,
				AF24105C209AE0250068242F /* AnchovyManager.h */,
				AF24105D209AE0250068242F /* AnchovyManager.m */,
				AF24105F209AE0CA0068242F /* CheeryManager.h */,
				AF241060209AE0CA0068242F /* CheeryManager.m */,
			);
			path = Module;
			sourceTree = "<group>";
		};
		AFEE89502099301700B038E6 /* Util */ = {
			isa = PBXGroup;
			children = (
				AFEE89512099302700B038E6 /* InputHandler.h */,
				AFEE89522099302700B038E6 /* InputHandler.m */,
			);
			path = Util;
			sourceTree = "<group>";
		};
/* End PBXGroup section */

/* Begin PBXNativeTarget section */
		AFEE893D20992DD900B038E6 /* Assignment11 */ = {
			isa = PBXNativeTarget;
			buildConfigurationList = AFEE894520992DD900B038E6 /* Build configuration list for PBXNativeTarget "Assignment11" */;
			buildPhases = (
				AFEE893A20992DD900B038E6 /* Sources */,
				AFEE893B20992DD900B038E6 /* Frameworks */,
				AFEE893C20992DD900B038E6 /* CopyFiles */,
			);
			buildRules = (
			);
			dependencies = (
			);
			name = Assignment11;
			productName = Assignment11;
			productReference = AFEE893E20992DD900B038E6 /* Assignment11 */;
			productType = "com.apple.product-type.tool";
		};
/* End PBXNativeTarget section */

/* Begin PBXProject section */
		AFEE893620992DD900B038E6 /* Project object */ = {
			isa = PBXProject;
			attributes = {
				LastUpgradeCheck = 0930;
				ORGANIZATIONNAME = "Ayako Shiraishi";
				TargetAttributes = {
					AFEE893D20992DD900B038E6 = {
						CreatedOnToolsVersion = 9.3;
					};
				};
			};
			buildConfigurationList = AFEE893920992DD900B038E6 /* Build configuration list for PBXProject "Assignment11" */;
			compatibilityVersion = "Xcode 9.3";
			developmentRegion = en;
			hasScannedForEncodings = 0;
			knownRegions = (
				en,
			);
			mainGroup = AFEE893520992DD900B038E6;
			productRefGroup = AFEE893F20992DD900B038E6 /* Products */;
			projectDirPath = "";
			projectRoot = "";
			targets = (
				AFEE893D20992DD900B038E6 /* Assignment11 */,
			);
		};
/* End PBXProject section */

/* Begin PBXSourcesBuildPhase section */
		AFEE893A20992DD900B038E6 /* Sources */ = {
			isa = PBXSourcesBuildPhase;
			buildActionMask = 2147483647;
			files = (
				AF24105E209AE0250068242F /* AnchovyManager.m in Sources */,
				AFEE894D20992FF300B038E6 /* Pizza.m in Sources */,
				AFEE894220992DD900B038E6 /* main.m in Sources */,
				AF241061209AE0CA0068242F /* CheeryManager.m in Sources */,
				AFEE894E20992FF300B038E6 /* Kitchen.m in Sources */,
				AFEE89532099302700B038E6 /* InputHandler.m in Sources */,
			);
			runOnlyForDeploymentPostprocessing = 0;
		};
/* End PBXSourcesBuildPhase section */

/* Begin XCBuildConfiguration section */
		AFEE894320992DD900B038E6 /* Debug */ = {
			isa = XCBuildConfiguration;
			buildSettings = {
				ALWAYS_SEARCH_USER_PATHS = NO;
				CLANG_ANALYZER_NONNULL = YES;
				CLANG_ANALYZER_NUMBER_OBJECT_CONVERSION = YES_AGGRESSIVE;
				CLANG_CXX_LANGUAGE_STANDARD = "gnu++14";
				CLANG_CXX_LIBRARY = "libc++";
				CLANG_ENABLE_MODULES = YES;
				CLANG_ENABLE_OBJC_ARC = YES;
				CLANG_ENABLE_OBJC_WEAK = YES;
				CLANG_WARN_BLOCK_CAPTURE_AUTORELEASING = YES;
				CLANG_WARN_BOOL_CONVERSION = YES;
				CLANG_WARN_COMMA = YES;
				CLANG_WARN_CONSTANT_CONVERSION = YES;
				CLANG_WARN_DEPRECATED_OBJC_IMPLEMENTATIONS = YES;
				CLANG_WARN_DIRECT_OBJC_ISA_USAGE = YES_ERROR;
				CLANG_WARN_DOCUMENTATION_COMMENTS = YES;
				CLANG_WARN_EMPTY_BODY = YES;
				CLANG_WARN_ENUM_CONVERSION = YES;
				CLANG_WARN_INFINITE_RECURSION = YES;
				CLANG_WARN_INT_CONVERSION = YES;
				CLANG_WARN_NON_LITERAL_NULL_CONVERSION = YES;
				CLANG_WARN_OBJC_IMPLICIT_RETAIN_SELF = YES;
				CLANG_WARN_OBJC_LITERAL_CONVERSION = YES;
				CLANG_WARN_OBJC_ROOT_CLASS = YES_ERROR;
				CLANG_WARN_RANGE_LOOP_ANALYSIS = YES;
				CLANG_WARN_STRICT_PROTOTYPES = YES;
				CLANG_WARN_SUSPICIOUS_MOVE = YES;
				CLANG_WARN_UNGUARDED_AVAILABILITY = YES_AGGRESSIVE;
				CLANG_WARN_UNREACHABLE_CODE = YES;
				CLANG_WARN__DUPLICATE_METHOD_MATCH = YES;
				CODE_SIGN_IDENTITY = "-";
				COPY_PHASE_STRIP = NO;
				DEBUG_INFORMATION_FORMAT = dwarf;
				ENABLE_STRICT_OBJC_MSGSEND = YES;
				ENABLE_TESTABILITY = YES;
				GCC_C_LANGUAGE_STANDARD = gnu11;
				GCC_DYNAMIC_NO_PIC = NO;
				GCC_NO_COMMON_BLOCKS = YES;
				GCC_OPTIMIZATION_LEVEL = 0;
				GCC_PREPROCESSOR_DEFINITIONS = (
					"DEBUG=1",
					"$(inherited)",
				);
				GCC_WARN_64_TO_32_BIT_CONVERSION = YES;
				GCC_WARN_ABOUT_RETURN_TYPE = YES_ERROR;
				GCC_WARN_UNDECLARED_SELECTOR = YES;
				GCC_WARN_UNINITIALIZED_AUTOS = YES_AGGRESSIVE;
				GCC_WARN_UNUSED_FUNCTION = YES;
				GCC_WARN_UNUSED_VARIABLE = YES;
				MACOSX_DEPLOYMENT_TARGET = 10.13;
				MTL_ENABLE_DEBUG_INFO = YES;
				ONLY_ACTIVE_ARCH = YES;
				SDKROOT = macosx;
			};
			name = Debug;
		};
		AFEE894420992DD900B038E6 /* Release */ = {
			isa = XCBuildConfiguration;
			buildSettings = {
				ALWAYS_SEARCH_USER_PATHS = NO;
				CLANG_ANALYZER_NONNULL = YES;
				CLANG_ANALYZER_NUMBER_OBJECT_CONVERSION = YES_AGGRESSIVE;
				CLANG_CXX_LANGUAGE_STANDARD = "gnu++14";
				CLANG_CXX_LIBRARY = "libc++";
				CLANG_ENABLE_MODULES = YES;
				CLANG_ENABLE_OBJC_ARC = YES;
				CLANG_ENABLE_OBJC_WEAK = YES;
				CLANG_WARN_BLOCK_CAPTURE_AUTORELEASING = YES;
				CLANG_WARN_BOOL_CONVERSION = YES;
				CLANG_WARN_COMMA = YES;
				CLANG_WARN_CONSTANT_CONVERSION = YES;
				CLANG_WARN_DEPRECATED_OBJC_IMPLEMENTATIONS = YES;
				CLANG_WARN_DIRECT_OBJC_ISA_USAGE = YES_ERROR;
				CLANG_WARN_DOCUMENTATION_COMMENTS = YES;
				CLANG_WARN_EMPTY_BODY = YES;
				CLANG_WARN_ENUM_CONVERSION = YES;
				CLANG_WARN_INFINITE_RECURSION = YES;
				CLANG_WARN_INT_CONVERSION = YES;
				CLANG_WARN_NON_LITERAL_NULL_CONVERSION = YES;
				CLANG_WARN_OBJC_IMPLICIT_RETAIN_SELF = YES;
				CLANG_WARN_OBJC_LITERAL_CONVERSION = YES;
				CLANG_WARN_OBJC_ROOT_CLASS = YES_ERROR;
				CLANG_WARN_RANGE_LOOP_ANALYSIS = YES;
				CLANG_WARN_STRICT_PROTOTYPES = YES;
				CLANG_WARN_SUSPICIOUS_MOVE = YES;
				CLANG_WARN_UNGUARDED_AVAILABILITY = YES_AGGRESSIVE;
				CLANG_WARN_UNREACHABLE_CODE = YES;
				CLANG_WARN__DUPLICATE_METHOD_MATCH = YES;
				CODE_SIGN_IDENTITY = "-";
				COPY_PHASE_STRIP = NO;
				DEBUG_INFORMATION_FORMAT = "dwarf-with-dsym";
				ENABLE_NS_ASSERTIONS = NO;
				ENABLE_STRICT_OBJC_MSGSEND = YES;
				GCC_C_LANGUAGE_STANDARD = gnu11;
				GCC_NO_COMMON_BLOCKS = YES;
				GCC_WARN_64_TO_32_BIT_CONVERSION = YES;
				GCC_WARN_ABOUT_RETURN_TYPE = YES_ERROR;
				GCC_WARN_UNDECLARED_SELECTOR = YES;
				GCC_WARN_UNINITIALIZED_AUTOS = YES_AGGRESSIVE;
				GCC_WARN_UNUSED_FUNCTION = YES;
				GCC_WARN_UNUSED_VARIABLE = YES;
				MACOSX_DEPLOYMENT_TARGET = 10.13;
				MTL_ENABLE_DEBUG_INFO = NO;
				SDKROOT = macosx;
			};
			name = Release;
		};
		AFEE894620992DD900B038E6 /* Debug */ = {
			isa = XCBuildConfiguration;
			buildSettings = {
				CODE_SIGN_STYLE = Automatic;
				PRODUCT_NAME = "$(TARGET_NAME)";
			};
			name = Debug;
		};
		AFEE894720992DD900B038E6 /* Release */ = {
			isa = XCBuildConfiguration;
			buildSettings = {
				CODE_SIGN_STYLE = Automatic;
				PRODUCT_NAME = "$(TARGET_NAME)";
			};
			name = Release;
		};
/* End XCBuildConfiguration section */

/* Begin XCConfigurationList section */
		AFEE893920992DD900B038E6 /* Build configuration list for PBXProject "Assignment11" */ = {
			isa = XCConfigurationList;
			buildConfigurations = (
				AFEE894320992DD900B038E6 /* Debug */,
				AFEE894420992DD900B038E6 /* Release */,
			);
			defaultConfigurationIsVisible = 0;
			defaultConfigurationName = Release;
		};
		AFEE894520992DD900B038E6 /* Build configuration list for PBXNativeTarget "Assignment11" */ = {
			isa = XCConfigurationList;
			buildConfigurations = (
				AFEE894620992DD900B038E6 /* Debug */,
				AFEE894720992DD900B038E6 /* Release */,
			);
			defaultConfigurationIsVisible = 0;
			defaultConfigurationName = Release;
		};
/* End XCConfigurationList section */
	};
	rootObject = AFEE893620992DD900B038E6 /* Project object */;
}
